
Microsoft Visual Studio Solution File, Format Version 12.00
# Visual Studio Version 17
VisualStudioVersion = 17.14.36202.13 d17.14
MinimumVisualStudioVersion = 10.0.40219.1
Project("{FAE04EC0-301F-11D3-BF4B-00C04F79EFBC}") = "appfruit", "appfruit\appfruit.csproj", "{F79F5811-6537-4E8E-BA55-CDE59956739D}"
EndProject
Global
	GlobalSection(SolutionConfigurationPlatforms) = preSolution
		Debug|Any CPU = Debug|Any CPU
		Release|Any CPU = Release|Any CPU
	EndGlobalSection
	GlobalSection(ProjectConfigurationPlatforms) = postSolution
		{F79F5811-6537-4E8E-BA55-CDE59956739D}.Debug|Any CPU.ActiveCfg = Debug|Any CPU
		{F79F5811-6537-4E8E-BA55-CDE59956739D}.Debug|Any CPU.Build.0 = Debug|Any CPU
		{F79F5811-6537-4E8E-BA55-CDE59956739D}.Release|Any CPU.ActiveCfg = Release|Any CPU
		{F79F5811-6537-4E8E-BA55-CDE59956739D}.Release|Any CPU.Build.0 = Release|Any CPU
	EndGlobalSection
	GlobalSection(SolutionProperties) = preSolution
		HideSolutionNode = FALSE
	EndGlobalSection
	GlobalSection(ExtensibilityGlobals) = postSolution
		SolutionGuid = {487A9B14-30ED-49E3-AADC-3024E4DA66C9}
	EndGlobalSection
EndGlobal
